
Microsoft Visual Studio Solution File, Format Version 12.00
# Visual Studio Version 17
VisualStudioVersion = 17.8.34330.188
MinimumVisualStudioVersion = 10.0.40219.1
Project("{FAE04EC0-301F-11D3-BF4B-00C04F79EFBC}") = "MinimalAPIToDoProject", "MinimalAPIToDoProject.csproj", "{0DA9AFAE-EDC4-4DAB-9448-3EC879306164}"
EndProject
Global
	GlobalSection(SolutionConfigurationPlatforms) = preSolution
		Debug|Any CPU = Debug|Any CPU
		Release|Any CPU = Release|Any CPU
	EndGlobalSection
	GlobalSection(ProjectConfigurationPlatforms) = postSolution
		{0DA9AFAE-EDC4-4DAB-9448-3EC879306164}.Debug|Any CPU.ActiveCfg = Debug|Any CPU
		{0DA9AFAE-EDC4-4DAB-9448-3EC879306164}.Debug|Any CPU.Build.0 = Debug|Any CPU
		{0DA9AFAE-EDC4-4DAB-9448-3EC879306164}.Release|Any CPU.ActiveCfg = Release|Any CPU
		{0DA9AFAE-EDC4-4DAB-9448-3EC879306164}.Release|Any CPU.Build.0 = Release|Any CPU
	EndGlobalSection
	GlobalSection(SolutionProperties) = preSolution
		HideSolutionNode = FALSE
	EndGlobalSection
	GlobalSection(ExtensibilityGlobals) = postSolution
		SolutionGuid = {EA980FB0-F0AA-4351-A440-E7CA07652C81}
	EndGlobalSection
EndGlobal
